Microsoft Visual Studio Solution File, Format Version 12.00
# Visual Studio 2012
Project("{FAE04EC0-301F-11D3-BF4B-00C04F79EFBC}") = "Gamedev", "Gamedev.csproj", "{23DA68AE-99E0-4EDD-B8EF-8B46D5A3169C}"
EndProject
Global
	GlobalSection(SolutionConfigurationPlatforms) = preSolution
	Debug|Any CPU = Debug|Any CPU
	ExportDebug|Any CPU = ExportDebug|Any CPU
	ExportRelease|Any CPU = ExportRelease|Any CPU
	EndGlobalSection
	GlobalSection(ProjectConfigurationPlatforms) = postSolution
		{23DA68AE-99E0-4EDD-B8EF-8B46D5A3169C}.Debug|Any CPU.ActiveCfg = Debug|Any CPU
		{23DA68AE-99E0-4EDD-B8EF-8B46D5A3169C}.Debug|Any CPU.Build.0 = Debug|Any CPU
		{23DA68AE-99E0-4EDD-B8EF-8B46D5A3169C}.ExportDebug|Any CPU.ActiveCfg = ExportDebug|Any CPU
		{23DA68AE-99E0-4EDD-B8EF-8B46D5A3169C}.ExportDebug|Any CPU.Build.0 = ExportDebug|Any CPU
		{23DA68AE-99E0-4EDD-B8EF-8B46D5A3169C}.ExportRelease|Any CPU.ActiveCfg = ExportRelease|Any CPU
		{23DA68AE-99E0-4EDD-B8EF-8B46D5A3169C}.ExportRelease|Any CPU.Build.0 = ExportRelease|Any CPU
	EndGlobalSection
EndGlobal
